// !$*UTF8*$!
{
	archiveVersion = 1;
	classes = {};
	objectVersion = 60;
	objects = {

/* Begin PBXBuildFile section */
		100000000000000000000001 /* ChromeExtension.swift in Sources */ = {isa = PBXBuildFile; fileRef = 200000000000000000000001 /* ChromeExtension.swift */; };
		100000000000000000000002 /* ChromeCatalogs.swift in Sources */ = {isa = PBXBuildFile; fileRef = 200000000000000000000002 /* ChromeCatalogs.swift */; };
		100000000000000000000003 /* ChromeActionsCatalog.swift in Sources */ = {isa = PBXBuildFile; fileRef = 200000000000000000000003 /* ChromeActionsCatalog.swift */; };
		100000000000000000000004 /* ChromeExtensionTests.swift in Sources */ = {isa = PBXBuildFile; fileRef = 200000000000000000000004 /* ChromeExtensionTests.swift */; };
		100000000000000000000005 /* TunaChrome.framework in Frameworks */ = {isa = PBXBuildFile; fileRef = 200000000000000000000006 /* TunaChrome.framework */; };
/* End PBXBuildFile section */

/* Begin PBXContainerItemProxy section */
		300000000000000000000001 /* PBXContainerItemProxy */ = {
			isa = PBXContainerItemProxy;
			containerPortal = AAAAAAAAAAAAAAAAAAAAAAAA /* Project object */;
			proxyType = 1;
			remoteGlobalIDString = CCCCCCCCCCCCCCCCCCCCCCCC;
			remoteInfo = ChromeExtension;
		};
/* End PBXContainerItemProxy section */

/* Begin PBXFileReference section */
		200000000000000000000001 /* ChromeExtension.swift */ = {isa = PBXFileReference; lastKnownFileType = sourcecode.swift; path = ChromeExtension.swift; sourceTree = "<group>"; };
		200000000000000000000002 /* ChromeCatalogs.swift */ = {isa = PBXFileReference; lastKnownFileType = sourcecode.swift; path = ChromeCatalogs.swift; sourceTree = "<group>"; };
		200000000000000000000003 /* ChromeActionsCatalog.swift */ = {isa = PBXFileReference; lastKnownFileType = sourcecode.swift; path = ChromeActionsCatalog.swift; sourceTree = "<group>"; };
		200000000000000000000004 /* ChromeExtensionTests.swift */ = {isa = PBXFileReference; lastKnownFileType = sourcecode.swift; path = ChromeExtensionTests.swift; sourceTree = "<group>"; };
		200000000000000000000005 /* Info.plist */ = {isa = PBXFileReference; lastKnownFileType = text.plist.xml; path = Info.plist; sourceTree = "<group>"; };
		200000000000000000000006 /* TunaChrome.framework */ = {isa = PBXFileReference; explicitFileType = wrapper.framework; includeInIndex = 0; path = TunaChrome.framework; sourceTree = BUILT_PRODUCTS_DIR; };
		200000000000000000000007 /* ChromeExtensionTests.xctest */ = {isa = PBXFileReference; explicitFileType = wrapper.cfbundle; includeInIndex = 0; path = ChromeExtensionTests.xctest; sourceTree = BUILT_PRODUCTS_DIR; };
/* End PBXFileReference section */

/* Begin PBXFrameworksBuildPhase section */
		400000000000000000000001 /* Frameworks */ = {isa = PBXFrameworksBuildPhase; buildActionMask = 2147483647; files = (); runOnlyForDeploymentPostprocessing = 0; };
		400000000000000000000002 /* Frameworks */ = {
			isa = PBXFrameworksBuildPhase;
			buildActionMask = 2147483647;
			files = (100000000000000000000005 /* TunaChrome.framework in Frameworks */,);
			runOnlyForDeploymentPostprocessing = 0;
		};
/* End PBXFrameworksBuildPhase section */

/* Begin PBXGroup section */
		500000000000000000000001 = {
			isa = PBXGroup;
			children = (
				500000000000000000000002 /* Sources */,
				200000000000000000000004 /* ChromeExtensionTests.swift */,
				500000000000000000000003 /* Products */,
			);
			sourceTree = "<group>";
		};
		500000000000000000000002 /* Sources */ = {
			isa = PBXGroup;
			children = (
				200000000000000000000001 /* ChromeExtension.swift */,
				200000000000000000000002 /* ChromeCatalogs.swift */,
				200000000000000000000003 /* ChromeActionsCatalog.swift */,
				200000000000000000000005 /* Info.plist */,
			);
			path = .;
			sourceTree = "<group>";
		};
		500000000000000000000003 /* Products */ = {
			isa = PBXGroup;
			children = (
				200000000000000000000006 /* TunaChrome.framework */,
				200000000000000000000007 /* ChromeExtensionTests.xctest */,
			);
			name = Products;
			sourceTree = "<group>";
		};
/* End PBXGroup section */

/* Begin PBXNativeTarget section */
		CCCCCCCCCCCCCCCCCCCCCCCC /* ChromeExtension */ = {
			isa = PBXNativeTarget;
			buildConfigurationList = 600000000000000000000002 /* Build configuration list for PBXNativeTarget "ChromeExtension" */;
			buildPhases = (700000000000000000000001 /* Sources */, 400000000000000000000001 /* Frameworks */, 800000000000000000000001 /* Resources */,);
			buildRules = ();
			dependencies = ();
			name = ChromeExtension;
			packageProductDependencies = (
				900000000000000000000001 /* TunaKit */,
				900000000000000000000003 /* ChromiumExtensionSupport */,
			);
			productName = TunaChrome;
			productReference = 200000000000000000000006 /* TunaChrome.framework */;
			productType = "com.apple.product-type.framework";
		};
		DDDDDDDDDDDDDDDDDDDDDDDD /* ChromeExtensionTests */ = {
			isa = PBXNativeTarget;
			buildConfigurationList = 600000000000000000000003 /* Build configuration list for PBXNativeTarget "ChromeExtensionTests" */;
			buildPhases = (700000000000000000000002 /* Sources */, 400000000000000000000002 /* Frameworks */, 800000000000000000000002 /* Resources */,);
			buildRules = ();
			dependencies = (300000000000000000000002 /* PBXTargetDependency */,);
			name = ChromeExtensionTests;
			packageProductDependencies = (900000000000000000000002 /* TunaKit */,);
			productName = ChromeExtensionTests;
			productReference = 200000000000000000000007 /* ChromeExtensionTests.xctest */;
			productType = "com.apple.product-type.bundle.unit-test";
		};
/* End PBXNativeTarget section */

/* Begin PBXProject section */
		AAAAAAAAAAAAAAAAAAAAAAAA /* Project object */ = {
			isa = PBXProject;
			attributes = {BuildIndependentTargetsInParallel = YES; LastUpgradeCheck = 2700;};
			buildConfigurationList = 600000000000000000000001 /* Build configuration list for PBXProject "ChromeExtension" */;
			compatibilityVersion = "Xcode 14.0";
			developmentRegion = en;
			hasScannedForEncodings = 0;
			knownRegions = (en, Base,);
			mainGroup = 500000000000000000000001;
			packageReferences = (
				A00000000000000000000001 /* XCRemoteSwiftPackageReference "TunaKit" */,
				A00000000000000000000002 /* XCLocalSwiftPackageReference "ChromiumExtensionSupport" */,
			);
			productRefGroup = 500000000000000000000003 /* Products */;
			projectDirPath = "";
			projectRoot = "";
			targets = (CCCCCCCCCCCCCCCCCCCCCCCC /* ChromeExtension */, DDDDDDDDDDDDDDDDDDDDDDDD /* ChromeExtensionTests */,);
		};
/* End PBXProject section */

/* Begin PBXResourcesBuildPhase section */
		800000000000000000000001 /* Resources */ = {isa = PBXResourcesBuildPhase; buildActionMask = 2147483647; files = (); runOnlyForDeploymentPostprocessing = 0; };
		800000000000000000000002 /* Resources */ = {isa = PBXResourcesBuildPhase; buildActionMask = 2147483647; files = (); runOnlyForDeploymentPostprocessing = 0; };
/* End PBXResourcesBuildPhase section */

/* Begin PBXSourcesBuildPhase section */
		700000000000000000000001 /* Sources */ = {
			isa = PBXSourcesBuildPhase;
			buildActionMask = 2147483647;
			files = (
				100000000000000000000001 /* ChromeExtension.swift in Sources */,
				100000000000000000000002 /* ChromeCatalogs.swift in Sources */,
				100000000000000000000003 /* ChromeActionsCatalog.swift in Sources */,
			);
			runOnlyForDeploymentPostprocessing = 0;
		};
		700000000000000000000002 /* Sources */ = {isa = PBXSourcesBuildPhase; buildActionMask = 2147483647; files = (100000000000000000000004 /* ChromeExtensionTests.swift in Sources */,); runOnlyForDeploymentPostprocessing = 0; };
/* End PBXSourcesBuildPhase section */

/* Begin PBXTargetDependency section */
		300000000000000000000002 /* PBXTargetDependency */ = {isa = PBXTargetDependency; name = ChromeExtension; target = CCCCCCCCCCCCCCCCCCCCCCCC /* ChromeExtension */; targetProxy = 300000000000000000000001 /* PBXContainerItemProxy */; };
/* End PBXTargetDependency section */

/* Begin XCBuildConfiguration section */
		B00000000000000000000001 /* Project Debug */ = {isa = XCBuildConfiguration; buildSettings = {PRODUCT_NAME = TunaChrome;}; name = Debug;};
		B00000000000000000000002 /* Project Release */ = {isa = XCBuildConfiguration; buildSettings = {PRODUCT_NAME = TunaChrome;}; name = Release;};
		B00000000000000000000003 /* Target Debug */ = {isa = XCBuildConfiguration; buildSettings = {
			ALWAYS_SEARCH_USER_PATHS = NO; CLANG_ENABLE_MODULES = YES; CODE_SIGN_IDENTITY = "Apple Development"; CODE_SIGN_STYLE = Automatic; DEVELOPMENT_TEAM = DDB8SQMXS9; ENABLE_TESTABILITY = YES; INFOPLIST_FILE = Info.plist;
			LD_RUNPATH_SEARCH_PATHS = ("$(inherited)", "@executable_path/../Frameworks", "@loader_path/Frameworks",); MACOSX_DEPLOYMENT_TARGET = 15.0; ONLY_ACTIVE_ARCH = YES;
			PRODUCT_BUNDLE_IDENTIFIER = com.brnbw.tuna.plugins.chrome; PRODUCT_MODULE_NAME = TunaChrome; PRODUCT_NAME = TunaChrome; SKIP_INSTALL = NO; SWIFT_ACTIVE_COMPILATION_CONDITIONS = DEBUG; SWIFT_OPTIMIZATION_LEVEL = "-Onone"; SWIFT_VERSION = 5.0; TARGETED_DEVICE_FAMILY = 6;
		}; name = Debug;};
		B00000000000000000000004 /* Target Release */ = {isa = XCBuildConfiguration; buildSettings = {
			ALWAYS_SEARCH_USER_PATHS = NO; CLANG_ENABLE_MODULES = YES; CODE_SIGN_IDENTITY = "Apple Development"; CODE_SIGN_STYLE = Automatic; DEVELOPMENT_TEAM = DDB8SQMXS9; INFOPLIST_FILE = Info.plist;
			LD_RUNPATH_SEARCH_PATHS = ("$(inherited)", "@executable_path/../Frameworks", "@loader_path/Frameworks",); MACOSX_DEPLOYMENT_TARGET = 15.0;
			PRODUCT_BUNDLE_IDENTIFIER = com.brnbw.tuna.plugins.chrome; PRODUCT_MODULE_NAME = TunaChrome; PRODUCT_NAME = TunaChrome; SKIP_INSTALL = NO; SWIFT_COMPILATION_MODE = wholemodule; SWIFT_OPTIMIZATION_LEVEL = "-O"; SWIFT_VERSION = 5.0; TARGETED_DEVICE_FAMILY = 6;
		}; name = Release;};
		B00000000000000000000005 /* Tests Debug */ = {isa = XCBuildConfiguration; buildSettings = {CODE_SIGN_STYLE = Automatic; GENERATE_INFOPLIST_FILE = YES; MACOSX_DEPLOYMENT_TARGET = 15.0; PRODUCT_BUNDLE_IDENTIFIER = com.brnbw.ChromeExtensionTests; PRODUCT_MODULE_NAME = ChromeExtensionTests; PRODUCT_NAME = ChromeExtensionTests; SDKROOT = macosx; SWIFT_VERSION = 5.0;}; name = Debug;};
		B00000000000000000000006 /* Tests Release */ = {isa = XCBuildConfiguration; buildSettings = {CODE_SIGN_STYLE = Automatic; GENERATE_INFOPLIST_FILE = YES; MACOSX_DEPLOYMENT_TARGET = 15.0; PRODUCT_BUNDLE_IDENTIFIER = com.brnbw.ChromeExtensionTests; PRODUCT_MODULE_NAME = ChromeExtensionTests; PRODUCT_NAME = ChromeExtensionTests; SDKROOT = macosx; SWIFT_VERSION = 5.0;}; name = Release;};
/* End XCBuildConfiguration section */

/* Begin XCConfigurationList section */
		600000000000000000000001 /* Build configuration list for PBXProject "ChromeExtension" */ = {isa = XCConfigurationList; buildConfigurations = (B00000000000000000000001 /* Project Debug */, B00000000000000000000002 /* Project Release */,); defaultConfigurationIsVisible = 0; defaultConfigurationName = Release;};
		600000000000000000000002 /* Build configuration list for PBXNativeTarget "ChromeExtension" */ = {isa = XCConfigurationList; buildConfigurations = (B00000000000000000000003 /* Target Debug */, B00000000000000000000004 /* Target Release */,); defaultConfigurationIsVisible = 0; defaultConfigurationName = Release;};
		600000000000000000000003 /* Build configuration list for PBXNativeTarget "ChromeExtensionTests" */ = {isa = XCConfigurationList; buildConfigurations = (B00000000000000000000005 /* Tests Debug */, B00000000000000000000006 /* Tests Release */,); defaultConfigurationIsVisible = 0; defaultConfigurationName = Release;};
/* End XCConfigurationList section */

/* Begin XCLocalSwiftPackageReference section */
		A00000000000000000000002 /* XCLocalSwiftPackageReference "ChromiumExtensionSupport" */ = {isa = XCLocalSwiftPackageReference; relativePath = ../ChromiumExtensionSupport; };
/* End XCLocalSwiftPackageReference section */

/* Begin XCRemoteSwiftPackageReference section */
		A00000000000000000000001 /* XCRemoteSwiftPackageReference "TunaKit" */ = {isa = XCRemoteSwiftPackageReference; repositoryURL = "https://github.com/tunaformac/TunaKit"; requirement = {kind = upToNextMinorVersion; minimumVersion = 1.22.0;};};
/* End XCRemoteSwiftPackageReference section */

/* Begin XCSwiftPackageProductDependency section */
		900000000000000000000001 /* TunaKit */ = {isa = XCSwiftPackageProductDependency; package = A00000000000000000000001 /* XCRemoteSwiftPackageReference "TunaKit" */; productName = TunaKit;};
		900000000000000000000002 /* TunaKit */ = {isa = XCSwiftPackageProductDependency; package = A00000000000000000000001 /* XCRemoteSwiftPackageReference "TunaKit" */; productName = TunaKit;};
		900000000000000000000003 /* ChromiumExtensionSupport */ = {isa = XCSwiftPackageProductDependency; package = A00000000000000000000002 /* XCLocalSwiftPackageReference "ChromiumExtensionSupport" */; productName = ChromiumExtensionSupport;};
/* End XCSwiftPackageProductDependency section */
	};
	rootObject = AAAAAAAAAAAAAAAAAAAAAAAA /* Project object */;
}
